// !$*UTF8*$!
{
	archiveVersion = 1;
	classes = {
	};
	objectVersion = 46;
	objects = {

/* Begin PBXBuildFile section */
		0102B8A11B164E2B006A6649 /* main.m in Sources */ = {isa = PBXBuildFile; fileRef = 0102B8A01B164E2B006A6649 /* main.m */; };
		0102B8A41B164E2B006A6649 /* AppDelegate.m in Sources */ = {isa = PBXBuildFile; fileRef = 0102B8A31B164E2B006A6649 /* AppDelegate.m */; };
		0102B8A71B164E2B006A6649 /* PlayingWithTyphoon.xcdatamodeld in Sources */ = {isa = PBXBuildFile; fileRef = 0102B8A51B164E2B006A6649 /* PlayingWithTyphoon.xcdatamodeld */; };
		0102B8AF1B164E2B006A6649 /* Images.xcassets in Resources */ = {isa = PBXBuildFile; fileRef = 0102B8AE1B164E2B006A6649 /* Images.xcassets */; };
		0102B8B21B164E2B006A6649 /* LaunchScreen.xib in Resources */ = {isa = PBXBuildFile; fileRef = 0102B8B01B164E2B006A6649 /* LaunchScreen.xib */; };
		0102B8BE1B164E2B006A6649 /* PlayingWithTyphoonTests.m in Sources */ = {isa = PBXBuildFile; fileRef = 0102B8BD1B164E2B006A6649 /* PlayingWithTyphoonTests.m */; };
		0102B8D21B1655EC006A6649 /* AppAssembly.m in Sources */ = {isa = PBXBuildFile; fileRef = 0102B8D11B1655EC006A6649 /* AppAssembly.m */; };
		0102B8DD1B165BEF006A6649 /* MainRouter.m in Sources */ = {isa = PBXBuildFile; fileRef = 0102B8DC1B165BEF006A6649 /* MainRouter.m */; };
		0102B8E31B1660A2006A6649 /* RoutersAssembly.m in Sources */ = {isa = PBXBuildFile; fileRef = 0102B8E21B1660A2006A6649 /* RoutersAssembly.m */; };
		0102B8E71B16616F006A6649 /* ShowAllNotesViewController.m in Sources */ = {isa = PBXBuildFile; fileRef = 0102B8E51B16616F006A6649 /* ShowAllNotesViewController.m */; };
		0102B8E81B16616F006A6649 /* ShowAllNotesViewController.xib in Resources */ = {isa = PBXBuildFile; fileRef = 0102B8E61B16616F006A6649 /* ShowAllNotesViewController.xib */; };
		0102B8EB1B1661C0006A6649 /* ShowAllNotesRouter.m in Sources */ = {isa = PBXBuildFile; fileRef = 0102B8EA1B1661C0006A6649 /* ShowAllNotesRouter.m */; };
		011688801B1B98CD0019EB0B /* EditNoteRouter.m in Sources */ = {isa = PBXBuildFile; fileRef = 0116887F1B1B98CD0019EB0B /* EditNoteRouter.m */; };
		011688841B1B98E10019EB0B /* EditNoteViewController.m in Sources */ = {isa = PBXBuildFile; fileRef = 011688821B1B98E10019EB0B /* EditNoteViewController.m */; };
		011688851B1B98E10019EB0B /* EditNoteViewController.xib in Resources */ = {isa = PBXBuildFile; fileRef = 011688831B1B98E10019EB0B /* EditNoteViewController.xib */; };
		01326BA71B18E6080059313B /* ViewControllersAssembly.m in Sources */ = {isa = PBXBuildFile; fileRef = 01326BA61B18E6080059313B /* ViewControllersAssembly.m */; };
		015D381A1B21058800B1B156 /* DeleteNoteInteractor.m in Sources */ = {isa = PBXBuildFile; fileRef = 015D38191B21058800B1B156 /* DeleteNoteInteractor.m */; };
		015D381E1B21093600B1B156 /* CustomFlowLayout.m in Sources */ = {isa = PBXBuildFile; fileRef = 015D381D1B21093600B1B156 /* CustomFlowLayout.m */; };
		017704DC1B1B5CBB00717628 /* Configuration.plist in Resources */ = {isa = PBXBuildFile; fileRef = 017704DB1B1B5CBB00717628 /* Configuration.plist */; };
		018665F11B1CEC610089ECFF /* EditNotePresenter.m in Sources */ = {isa = PBXBuildFile; fileRef = 018665F01B1CEC610089ECFF /* EditNotePresenter.m */; };
		018665F41B1CED730089ECFF /* CreateOrUpdateNoteInteractor.m in Sources */ = {isa = PBXBuildFile; fileRef = 018665F31B1CED730089ECFF /* CreateOrUpdateNoteInteractor.m */; };
		018665F81B1CEF2B0089ECFF /* NoteMO+Implementation.m in Sources */ = {isa = PBXBuildFile; fileRef = 018665F71B1CEF2B0089ECFF /* NoteMO+Implementation.m */; };
		019D97221B1B6BBD003827E8 /* CoreDataDataSource.m in Sources */ = {isa = PBXBuildFile; fileRef = 019D97211B1B6BBD003827E8 /* CoreDataDataSource.m */; };
		019D972B1B1B7098003827E8 /* CoreDataStack.m in Sources */ = {isa = PBXBuildFile; fileRef = 019D972A1B1B7098003827E8 /* CoreDataStack.m */; };
		019D972E1B1B710E003827E8 /* CoreDataManager.m in Sources */ = {isa = PBXBuildFile; fileRef = 019D972D1B1B710E003827E8 /* CoreDataManager.m */; };
		019D97321B1B71F0003827E8 /* FetchAllNotesInteractor.m in Sources */ = {isa = PBXBuildFile; fileRef = 019D97311B1B71F0003827E8 /* FetchAllNotesInteractor.m */; };
		019D97381B1B75A3003827E8 /* CoreDataNotesRepository.m in Sources */ = {isa = PBXBuildFile; fileRef = 019D97371B1B75A3003827E8 /* CoreDataNotesRepository.m */; };
		019D973E1B1B7723003827E8 /* NoteMO.m in Sources */ = {isa = PBXBuildFile; fileRef = 019D973D1B1B7723003827E8 /* NoteMO.m */; };
		019D97411B1B7839003827E8 /* InteractorsAssembly.m in Sources */ = {isa = PBXBuildFile; fileRef = 019D97401B1B7839003827E8 /* InteractorsAssembly.m */; };
		019D97441B1B78A3003827E8 /* RepositoriesAssembly.m in Sources */ = {isa = PBXBuildFile; fileRef = 019D97431B1B78A3003827E8 /* RepositoriesAssembly.m */; };
		019D97471B1B799B003827E8 /* Note.m in Sources */ = {isa = PBXBuildFile; fileRef = 019D97461B1B799B003827E8 /* Note.m */; };
		019D974B1B1B7A89003827E8 /* NoteParser.m in Sources */ = {isa = PBXBuildFile; fileRef = 019D974A1B1B7A89003827E8 /* NoteParser.m */; };
		019D97501B1B7DC8003827E8 /* NoteCollectionViewCell.m in Sources */ = {isa = PBXBuildFile; fileRef = 019D974E1B1B7DC8003827E8 /* NoteCollectionViewCell.m */; };
		019D97511B1B7DC8003827E8 /* NoteCollectionViewCell.xib in Resources */ = {isa = PBXBuildFile; fileRef = 019D974F1B1B7DC8003827E8 /* NoteCollectionViewCell.xib */; };
		019D97551B1B7EBA003827E8 /* NoteCollectionViewCellController.m in Sources */ = {isa = PBXBuildFile; fileRef = 019D97541B1B7EBA003827E8 /* NoteCollectionViewCellController.m */; };
		019D97581B1B7F18003827E8 /* ShowAllNotesPresenter.m in Sources */ = {isa = PBXBuildFile; fileRef = 019D97571B1B7F18003827E8 /* ShowAllNotesPresenter.m */; };
		019D975B1B1B8224003827E8 /* PresentersAssembly.m in Sources */ = {isa = PBXBuildFile; fileRef = 019D975A1B1B8224003827E8 /* PresentersAssembly.m */; };
		E338EDCDB672E747614B5D53 /* libPods.a in Frameworks */ = {isa = PBXBuildFile; fileRef = AC37430DFEDB1318D879215F /* libPods.a */; };
/* End PBXBuildFile section */

/* Begin PBXContainerItemProxy section */
		0102B8B81B164E2B006A6649 /* PBXContainerItemProxy */ = {
			isa = PBXContainerItemProxy;
			containerPortal = 0102B8931B164E2B006A6649 /* Project object */;
			proxyType = 1;
			remoteGlobalIDString = 0102B89A1B164E2B006A6649;
			remoteInfo = PlayingWithTyphoon;
		};
/* End PBXContainerItemProxy section */

/* Begin PBXFileReference section */
		0102B89B1B164E2B006A6649 /* PlayingWithTyphoon.app */ = {isa = PBXFileReference; explicitFileType = wrapper.application; includeInIndex = 0; path = PlayingWithTyphoon.app; sourceTree = BUILT_PRODUCTS_DIR; };
		0102B89F1B164E2B006A6649 /* Info.plist */ = {isa = PBXFileReference; lastKnownFileType = text.plist.xml; path = Info.plist; sourceTree = "<group>"; };
		0102B8A01B164E2B006A6649 /* main.m */ = {isa = PBXFileReference; lastKnownFileType = sourcecode.c.objc; path = main.m; sourceTree = "<group>"; };
		0102B8A21B164E2B006A6649 /* AppDelegate.h */ = {isa = PBXFileReference; lastKnownFileType = sourcecode.c.h; path = AppDelegate.h; sourceTree = "<group>"; };
		0102B8A31B164E2B006A6649 /* AppDelegate.m */ = {isa = PBXFileReference; lastKnownFileType = sourcecode.c.objc; path = AppDelegate.m; sourceTree = "<group>"; };
		0102B8A61B164E2B006A6649 /* PlayingWithTyphoon.xcdatamodel */ = {isa = PBXFileReference; lastKnownFileType = wrapper.xcdatamodel; path = PlayingWithTyphoon.xcdatamodel; sourceTree = "<group>"; };
		0102B8AE1B164E2B006A6649 /* Images.xcassets */ = {isa = PBXFileReference; lastKnownFileType = folder.assetcatalog; path = Images.xcassets; sourceTree = "<group>"; };
		0102B8B11B164E2B006A6649 /* Base */ = {isa = PBXFileReference; lastKnownFileType = file.xib; name = Base; path = Base.lproj/LaunchScreen.xib; sourceTree = "<group>"; };
		0102B8B71B164E2B006A6649 /* PlayingWithTyphoonTests.xctest */ = {isa = PBXFileReference; explicitFileType = wrapper.cfbundle; includeInIndex = 0; path = PlayingWithTyphoonTests.xctest; sourceTree = BUILT_PRODUCTS_DIR; };
		0102B8BC1B164E2B006A6649 /* Info.plist */ = {isa = PBXFileReference; lastKnownFileType = text.plist.xml; path = Info.plist; sourceTree = "<group>"; };
		0102B8BD1B164E2B006A6649 /* PlayingWithTyphoonTests.m */ = {isa = PBXFileReference; lastKnownFileType = sourcecode.c.objc; path = PlayingWithTyphoonTests.m; sourceTree = "<group>"; };
		0102B8D01B1655EC006A6649 /* AppAssembly.h */ = {isa = PBXFileReference; fileEncoding = 4; lastKnownFileType = sourcecode.c.h; name = AppAssembly.h; path = Assemblies/AppAssembly.h; sourceTree = "<group>"; };
		0102B8D11B1655EC006A6649 /* AppAssembly.m */ = {isa = PBXFileReference; fileEncoding = 4; lastKnownFileType = sourcecode.c.objc; name = AppAssembly.m; path = Assemblies/AppAssembly.m; sourceTree = "<group>"; };
		0102B8D41B165658006A6649 /* PrefixHeader.pch */ = {isa = PBXFileReference; lastKnownFileType = sourcecode.c.h; name = PrefixHeader.pch; path = SupportingFiles/PrefixHeader.pch; sourceTree = "<group>"; };
		0102B8DB1B165BEF006A6649 /* MainRouter.h */ = {isa = PBXFileReference; fileEncoding = 4; lastKnownFileType = sourcecode.c.h; name = MainRouter.h; path = Routers/MainRouter.h; sourceTree = "<group>"; };
		0102B8DC1B165BEF006A6649 /* MainRouter.m */ = {isa = PBXFileReference; fileEncoding = 4; lastKnownFileType = sourcecode.c.objc; name = MainRouter.m; path = Routers/MainRouter.m; sourceTree = "<group>"; };
		0102B8E11B1660A2006A6649 /* RoutersAssembly.h */ = {isa = PBXFileReference; fileEncoding = 4; lastKnownFileType = sourcecode.c.h; name = RoutersAssembly.h; path = Assemblies/RoutersAssembly.h; sourceTree = "<group>"; };
		0102B8E21B1660A2006A6649 /* RoutersAssembly.m */ = {isa = PBXFileReference; fileEncoding = 4; lastKnownFileType = sourcecode.c.objc; name = RoutersAssembly.m; path = Assemblies/RoutersAssembly.m; sourceTree = "<group>"; };
		0102B8E41B16616F006A6649 /* ShowAllNotesViewController.h */ = {isa = PBXFileReference; fileEncoding = 4; lastKnownFileType = sourcecode.c.h; name = ShowAllNotesViewController.h; path = ViewControllers/ShowAllNotesViewController.h; sourceTree = "<group>"; };
		0102B8E51B16616F006A6649 /* ShowAllNotesViewController.m */ = {isa = PBXFileReference; fileEncoding = 4; lastKnownFileType = sourcecode.c.objc; name = ShowAllNotesViewController.m; path = ViewControllers/ShowAllNotesViewController.m; sourceTree = "<group>"; };
		0102B8E61B16616F006A6649 /* ShowAllNotesViewController.xib */ = {isa = PBXFileReference; fileEncoding = 4; lastKnownFileType = file.xib; name = ShowAllNotesViewController.xib; path = ViewControllers/ShowAllNotesViewController.xib; sourceTree = "<group>"; };
		0102B8E91B1661C0006A6649 /* ShowAllNotesRouter.h */ = {isa = PBXFileReference; fileEncoding = 4; lastKnownFileType = sourcecode.c.h; name = ShowAllNotesRouter.h; path = Routers/ShowAllNotesRouter.h; sourceTree = "<group>"; };
		0102B8EA1B1661C0006A6649 /* ShowAllNotesRouter.m */ = {isa = PBXFileReference; fileEncoding = 4; lastKnownFileType = sourcecode.c.objc; name = ShowAllNotesRouter.m; path = Routers/ShowAllNotesRouter.m; sourceTree = "<group>"; };
		0116887E1B1B98CD0019EB0B /* EditNoteRouter.h */ = {isa = PBXFileReference; fileEncoding = 4; lastKnownFileType = sourcecode.c.h; name = EditNoteRouter.h; path = Routers/EditNoteRouter.h; sourceTree = "<group>"; };
		0116887F1B1B98CD0019EB0B /* EditNoteRouter.m */ = {isa = PBXFileReference; fileEncoding = 4; lastKnownFileType = sourcecode.c.objc; name = EditNoteRouter.m; path = Routers/EditNoteRouter.m; sourceTree = "<group>"; };
		011688811B1B98E10019EB0B /* EditNoteViewController.h */ = {isa = PBXFileReference; fileEncoding = 4; lastKnownFileType = sourcecode.c.h; name = EditNoteViewController.h; path = ViewControllers/EditNoteViewController.h; sourceTree = "<group>"; };
		011688821B1B98E10019EB0B /* EditNoteViewController.m */ = {isa = PBXFileReference; fileEncoding = 4; lastKnownFileType = sourcecode.c.objc; name = EditNoteViewController.m; path = ViewControllers/EditNoteViewController.m; sourceTree = "<group>"; };
		011688831B1B98E10019EB0B /* EditNoteViewController.xib */ = {isa = PBXFileReference; fileEncoding = 4; lastKnownFileType = file.xib; name = EditNoteViewController.xib; path = ViewControllers/EditNoteViewController.xib; sourceTree = "<group>"; };
		01326BA51B18E6080059313B /* ViewControllersAssembly.h */ = {isa = PBXFileReference; fileEncoding = 4; lastKnownFileType = sourcecode.c.h; name = ViewControllersAssembly.h; path = Assemblies/ViewControllersAssembly.h; sourceTree = "<group>"; };
		01326BA61B18E6080059313B /* ViewControllersAssembly.m */ = {isa = PBXFileReference; fileEncoding = 4; lastKnownFileType = sourcecode.c.objc; name = ViewControllersAssembly.m; path = Assemblies/ViewControllersAssembly.m; sourceTree = "<group>"; };
		015D38181B21058800B1B156 /* DeleteNoteInteractor.h */ = {isa = PBXFileReference; fileEncoding = 4; lastKnownFileType = sourcecode.c.h; name = DeleteNoteInteractor.h; path = Interactors/DeleteNoteInteractor.h; sourceTree = "<group>"; };
		015D38191B21058800B1B156 /* DeleteNoteInteractor.m */ = {isa = PBXFileReference; fileEncoding = 4; lastKnownFileType = sourcecode.c.objc; name = DeleteNoteInteractor.m; path = Interactors/DeleteNoteInteractor.m; sourceTree = "<group>"; };
		015D381C1B21093600B1B156 /* CustomFlowLayout.h */ = {isa = PBXFileReference; fileEncoding = 4; lastKnownFileType = sourcecode.c.h; name = CustomFlowLayout.h; path = Layouts/CustomFlowLayout.h; sourceTree = "<group>"; };
		015D381D1B21093600B1B156 /* CustomFlowLayout.m */ = {isa = PBXFileReference; fileEncoding = 4; lastKnownFileType = sourcecode.c.objc; name = CustomFlowLayout.m; path = Layouts/CustomFlowLayout.m; sourceTree = "<group>"; };
		017704DB1B1B5CBB00717628 /* Configuration.plist */ = {isa = PBXFileReference; fileEncoding = 4; lastKnownFileType = text.plist.xml; name = Configuration.plist; path = Assemblies/Configuration.plist; sourceTree = "<group>"; };
		018665EF1B1CEC610089ECFF /* EditNotePresenter.h */ = {isa = PBXFileReference; fileEncoding = 4; lastKnownFileType = sourcecode.c.h; name = EditNotePresenter.h; path = Presenters/EditNotePresenter.h; sourceTree = "<group>"; };
		018665F01B1CEC610089ECFF /* EditNotePresenter.m */ = {isa = PBXFileReference; fileEncoding = 4; lastKnownFileType = sourcecode.c.objc; name = EditNotePresenter.m; path = Presenters/EditNotePresenter.m; sourceTree = "<group>"; };
		018665F21B1CED730089ECFF /* CreateOrUpdateNoteInteractor.h */ = {isa = PBXFileReference; fileEncoding = 4; lastKnownFileType = sourcecode.c.h; name = CreateOrUpdateNoteInteractor.h; path = Interactors/CreateOrUpdateNoteInteractor.h; sourceTree = "<group>"; };
		018665F31B1CED730089ECFF /* CreateOrUpdateNoteInteractor.m */ = {isa = PBXFileReference; fileEncoding = 4; lastKnownFileType = sourcecode.c.objc; name = CreateOrUpdateNoteInteractor.m; path = Interactors/CreateOrUpdateNoteInteractor.m; sourceTree = "<group>"; };
		018665F61B1CEF2B0089ECFF /* NoteMO+Implementation.h */ = {isa = PBXFileReference; fileEncoding = 4; lastKnownFileType = sourcecode.c.h; name = "NoteMO+Implementation.h"; path = "CoreData/ManagedObjects/Implementations/NoteMO+Implementation.h"; sourceTree = "<group>"; };
		018665F71B1CEF2B0089ECFF /* NoteMO+Implementation.m */ = {isa = PBXFileReference; fileEncoding = 4; lastKnownFileType = sourcecode.c.objc; name = "NoteMO+Implementation.m"; path = "CoreData/ManagedObjects/Implementations/NoteMO+Implementation.m"; sourceTree = "<group>"; };
		019D97201B1B6BBD003827E8 /* CoreDataDataSource.h */ = {isa = PBXFileReference; fileEncoding = 4; lastKnownFileType = sourcecode.c.h; name = CoreDataDataSource.h; path = DataSource/CoreDataDataSource.h; sourceTree = "<group>"; };
		019D97211B1B6BBD003827E8 /* CoreDataDataSource.m */ = {isa = PBXFileReference; fileEncoding = 4; lastKnownFileType = sourcecode.c.objc; name = CoreDataDataSource.m; path = DataSource/CoreDataDataSource.m; sourceTree = "<group>"; };
		019D97291B1B7098003827E8 /* CoreDataStack.h */ = {isa = PBXFileReference; fileEncoding = 4; lastKnownFileType = sourcecode.c.h; name = CoreDataStack.h; path = CoreData/CoreDataStack.h; sourceTree = "<group>"; };
		019D972A1B1B7098003827E8 /* CoreDataStack.m */ = {isa = PBXFileReference; fileEncoding = 4; lastKnownFileType = sourcecode.c.objc; name = CoreDataStack.m; path = CoreData/CoreDataStack.m; sourceTree = "<group>"; };
		019D972C1B1B710E003827E8 /* CoreDataManager.h */ = {isa = PBXFileReference; fileEncoding = 4; lastKnownFileType = sourcecode.c.h; name = CoreDataManager.h; path = CoreData/CoreDataManager.h; sourceTree = "<group>"; };
		019D972D1B1B710E003827E8 /* CoreDataManager.m */ = {isa = PBXFileReference; fileEncoding = 4; lastKnownFileType = sourcecode.c.objc; name = CoreDataManager.m; path = CoreData/CoreDataManager.m; sourceTree = "<group>"; };
		019D97301B1B71F0003827E8 /* FetchAllNotesInteractor.h */ = {isa = PBXFileReference; fileEncoding = 4; lastKnownFileType = sourcecode.c.h; name = FetchAllNotesInteractor.h; path = Interactors/FetchAllNotesInteractor.h; sourceTree = "<group>"; };
		019D97311B1B71F0003827E8 /* FetchAllNotesInteractor.m */ = {isa = PBXFileReference; fileEncoding = 4; lastKnownFileType = sourcecode.c.objc; name = FetchAllNotesInteractor.m; path = Interactors/FetchAllNotesInteractor.m; sourceTree = "<group>"; };
		019D97361B1B75A3003827E8 /* CoreDataNotesRepository.h */ = {isa = PBXFileReference; fileEncoding = 4; lastKnownFileType = sourcecode.c.h; name = CoreDataNotesRepository.h; path = Repositories/CoreDataNotesRepository.h; sourceTree = "<group>"; };
		019D97371B1B75A3003827E8 /* CoreDataNotesRepository.m */ = {isa = PBXFileReference; fileEncoding = 4; lastKnownFileType = sourcecode.c.objc; name = CoreDataNotesRepository.m; path = Repositories/CoreDataNotesRepository.m; sourceTree = "<group>"; };
		019D97391B1B75B9003827E8 /* NotesRepository.h */ = {isa = PBXFileReference; fileEncoding = 4; lastKnownFileType = sourcecode.c.h; name = NotesRepository.h; path = Repositories/NotesRepository.h; sourceTree = "<group>"; };
		019D973C1B1B7723003827E8 /* NoteMO.h */ = {isa = PBXFileReference; fileEncoding = 4; lastKnownFileType = sourcecode.c.h; name = NoteMO.h; path = CoreData/ManagedObjects/NoteMO.h; sourceTree = "<group>"; };
		019D973D1B1B7723003827E8 /* NoteMO.m */ = {isa = PBXFileReference; fileEncoding = 4; lastKnownFileType = sourcecode.c.objc; name = NoteMO.m; path = CoreData/ManagedObjects/NoteMO.m; sourceTree = "<group>"; };
		019D973F1B1B7839003827E8 /* InteractorsAssembly.h */ = {isa = PBXFileReference; fileEncoding = 4; lastKnownFileType = sourcecode.c.h; name = InteractorsAssembly.h; path = Assemblies/InteractorsAssembly.h; sourceTree = "<group>"; };
		019D97401B1B7839003827E8 /* InteractorsAssembly.m */ = {isa = PBXFileReference; fileEncoding = 4; lastKnownFileType = sourcecode.c.objc; name = InteractorsAssembly.m; path = Assemblies/InteractorsAssembly.m; sourceTree = "<group>"; };
		019D97421B1B78A3003827E8 /* RepositoriesAssembly.h */ = {isa = PBXFileReference; fileEncoding = 4; lastKnownFileType = sourcecode.c.h; name = RepositoriesAssembly.h; path = Assemblies/RepositoriesAssembly.h; sourceTree = "<group>"; };
		019D97431B1B78A3003827E8 /* RepositoriesAssembly.m */ = {isa = PBXFileReference; fileEncoding = 4; lastKnownFileType = sourcecode.c.objc; name = RepositoriesAssembly.m; path = Assemblies/RepositoriesAssembly.m; sourceTree = "<group>"; };
		019D97451B1B799B003827E8 /* Note.h */ = {isa = PBXFileReference; fileEncoding = 4; lastKnownFileType = sourcecode.c.h; name = Note.h; path = Entities/Note.h; sourceTree = "<group>"; };
		019D97461B1B799B003827E8 /* Note.m */ = {isa = PBXFileReference; fileEncoding = 4; lastKnownFileType = sourcecode.c.objc; name = Note.m; path = Entities/Note.m; sourceTree = "<group>"; };
		019D97491B1B7A89003827E8 /* NoteParser.h */ = {isa = PBXFileReference; fileEncoding = 4; lastKnownFileType = sourcecode.c.h; name = NoteParser.h; path = Parsers/NoteParser.h; sourceTree = "<group>"; };
		019D974A1B1B7A89003827E8 /* NoteParser.m */ = {isa = PBXFileReference; fileEncoding = 4; lastKnownFileType = sourcecode.c.objc; name = NoteParser.m; path = Parsers/NoteParser.m; sourceTree = "<group>"; };
		019D974D1B1B7DC8003827E8 /* NoteCollectionViewCell.h */ = {isa = PBXFileReference; fileEncoding = 4; lastKnownFileType = sourcecode.c.h; name = NoteCollectionViewCell.h; path = Views/NoteCollectionViewCell.h; sourceTree = "<group>"; };
		019D974E1B1B7DC8003827E8 /* NoteCollectionViewCell.m */ = {isa = PBXFileReference; fileEncoding = 4; lastKnownFileType = sourcecode.c.objc; name = NoteCollectionViewCell.m; path = Views/NoteCollectionViewCell.m; sourceTree = "<group>"; };
		019D974F1B1B7DC8003827E8 /* NoteCollectionViewCell.xib */ = {isa = PBXFileReference; fileEncoding = 4; lastKnownFileType = file.xib; name = NoteCollectionViewCell.xib; path = Views/NoteCollectionViewCell.xib; sourceTree = "<group>"; };
		019D97531B1B7EBA003827E8 /* NoteCollectionViewCellController.h */ = {isa = PBXFileReference; fileEncoding = 4; lastKnownFileType = sourcecode.c.h; name = NoteCollectionViewCellController.h; path = Controllers/NoteCollectionViewCellController.h; sourceTree = "<group>"; };
		019D97541B1B7EBA003827E8 /* NoteCollectionViewCellController.m */ = {isa = PBXFileReference; fileEncoding = 4; lastKnownFileType = sourcecode.c.objc; name = NoteCollectionViewCellController.m; path = Controllers/NoteCollectionViewCellController.m; sourceTree = "<group>"; };
		019D97561B1B7F18003827E8 /* ShowAllNotesPresenter.h */ = {isa = PBXFileReference; fileEncoding = 4; lastKnownFileType = sourcecode.c.h; name = ShowAllNotesPresenter.h; path = Presenters/ShowAllNotesPresenter.h; sourceTree = "<group>"; };
		019D97571B1B7F18003827E8 /* ShowAllNotesPresenter.m */ = {isa = PBXFileReference; fileEncoding = 4; lastKnownFileType = sourcecode.c.objc; name = ShowAllNotesPresenter.m; path = Presenters/ShowAllNotesPresenter.m; sourceTree = "<group>"; };
		019D97591B1B8224003827E8 /* PresentersAssembly.h */ = {isa = PBXFileReference; fileEncoding = 4; lastKnownFileType = sourcecode.c.h; name = PresentersAssembly.h; path = Assemblies/PresentersAssembly.h; sourceTree = "<group>"; };
		019D975A1B1B8224003827E8 /* PresentersAssembly.m */ = {isa = PBXFileReference; fileEncoding = 4; lastKnownFileType = sourcecode.c.objc; name = PresentersAssembly.m; path = Assemblies/PresentersAssembly.m; sourceTree = "<group>"; };
		23A90AC7DBF16973B4361996 /* Pods.debug.xcconfig */ = {isa = PBXFileReference; includeInIndex = 1; lastKnownFileType = text.xcconfig; name = Pods.debug.xcconfig; path = "Pods/Target Support Files/Pods/Pods.debug.xcconfig"; sourceTree = "<group>"; };
		5498CA1545711A0CE64AE15E /* Pods.release.xcconfig */ = {isa = PBXFileReference; includeInIndex = 1; lastKnownFileType = text.xcconfig; name = Pods.release.xcconfig; path = "Pods/Target Support Files/Pods/Pods.release.xcconfig"; sourceTree = "<group>"; };
		AC37430DFEDB1318D879215F /* libPods.a */ = {isa = PBXFileReference; explicitFileType = archive.ar; includeInIndex = 0; path = libPods.a; sourceTree = BUILT_PRODUCTS_DIR; };
/* End PBXFileReference section */

/* Begin PBXFrameworksBuildPhase section */
		0102B8981B164E2B006A6649 /* Frameworks */ = {
			isa = PBXFrameworksBuildPhase;
			buildActionMask = 2147483647;
			files = (
				E338EDCDB672E747614B5D53 /* libPods.a in Frameworks */,
			);
			runOnlyForDeploymentPostprocessing = 0;
		};
		0102B8B41B164E2B006A6649 /* Frameworks */ = {
			isa = PBXFrameworksBuildPhase;
			buildActionMask = 2147483647;
			files = (
			);
			runOnlyForDeploymentPostprocessing = 0;
		};
/* End PBXFrameworksBuildPhase section */

/* Begin PBXGroup section */
		0102B8921B164E2B006A6649 = {
			isa = PBXGroup;
			children = (
				0102B89D1B164E2B006A6649 /* PlayingWithTyphoon */,
				0102B8BA1B164E2B006A6649 /* PlayingWithTyphoonTests */,
				0102B89C1B164E2B006A6649 /* Products */,
				D02A3DD14C9FFAEA3A11F40E /* Pods */,
				E387FD785ECF2780A5240EDC /* Frameworks */,
			);
			sourceTree = "<group>";
		};
		0102B89C1B164E2B006A6649 /* Products */ = {
			isa = PBXGroup;
			children = (
				0102B89B1B164E2B006A6649 /* PlayingWithTyphoon.app */,
				0102B8B71B164E2B006A6649 /* PlayingWithTyphoonTests.xctest */,
			);
			name = Products;
			sourceTree = "<group>";
		};
		0102B89D1B164E2B006A6649 /* PlayingWithTyphoon */ = {
			isa = PBXGroup;
			children = (
				0102B8A21B164E2B006A6649 /* AppDelegate.h */,
				0102B8A31B164E2B006A6649 /* AppDelegate.m */,
				0102B8CE1B1655CB006A6649 /* Assemblies */,
				019D97481B1B7A6F003827E8 /* Parsers */,
				0102B8CC1B1655A0006A6649 /* Entities */,
				0102B8C71B16555E006A6649 /* Routers */,
				019D971F1B1B6BA4003827E8 /* DataSources */,
				0102B8C91B165571006A6649 /* Repositories */,
				0102B8C81B165564006A6649 /* Interactors */,
				0102B8CD1B1655B9006A6649 /* Presenters */,
				0102B8CA1B165580006A6649 /* ViewControllers */,
				019D97521B1B7E9F003827E8 /* Controllers */,
				019D974C1B1B7D97003827E8 /* Views */,
				015D381B1B21091300B1B156 /* Layouts */,
				0102B8CB1B165593006A6649 /* CoreData */,
				0102B8D31B165611006A6649 /* SupportingFiles */,
				0102B8AE1B164E2B006A6649 /* Images.xcassets */,
				0102B8B01B164E2B006A6649 /* LaunchScreen.xib */,
				0102B89E1B164E2B006A6649 /* Supporting Files */,
			);
			path = PlayingWithTyphoon;
			sourceTree = "<group>";
		};
		0102B89E1B164E2B006A6649 /* Supporting Files */ = {
			isa = PBXGroup;
			children = (
				0102B89F1B164E2B006A6649 /* Info.plist */,
				0102B8A01B164E2B006A6649 /* main.m */,
			);
			name = "Supporting Files";
			sourceTree = "<group>";
		};
		0102B8BA1B164E2B006A6649 /* PlayingWithTyphoonTests */ = {
			isa = PBXGroup;
			children = (
				0102B8BD1B164E2B006A6649 /* PlayingWithTyphoonTests.m */,
				0102B8BB1B164E2B006A6649 /* Supporting Files */,
			);
			path = PlayingWithTyphoonTests;
			sourceTree = "<group>";
		};
		0102B8BB1B164E2B006A6649 /* Supporting Files */ = {
			isa = PBXGroup;
			children = (
				0102B8BC1B164E2B006A6649 /* Info.plist */,
			);
			name = "Supporting Files";
			sourceTree = "<group>";
		};
		0102B8C71B16555E006A6649 /* Routers */ = {
			isa = PBXGroup;
			children = (
				0102B8DB1B165BEF006A6649 /* MainRouter.h */,
				0102B8DC1B165BEF006A6649 /* MainRouter.m */,
				0102B8E91B1661C0006A6649 /* ShowAllNotesRouter.h */,
				0102B8EA1B1661C0006A6649 /* ShowAllNotesRouter.m */,
				0116887E1B1B98CD0019EB0B /* EditNoteRouter.h */,
				0116887F1B1B98CD0019EB0B /* EditNoteRouter.m */,
			);
			name = Routers;
			sourceTree = "<group>";
		};
		0102B8C81B165564006A6649 /* Interactors */ = {
			isa = PBXGroup;
			children = (
				019D97301B1B71F0003827E8 /* FetchAllNotesInteractor.h */,
				019D97311B1B71F0003827E8 /* FetchAllNotesInteractor.m */,
				018665F21B1CED730089ECFF /* CreateOrUpdateNoteInteractor.h */,
				018665F31B1CED730089ECFF /* CreateOrUpdateNoteInteractor.m */,
				015D38181B21058800B1B156 /* DeleteNoteInteractor.h */,
				015D38191B21058800B1B156 /* DeleteNoteInteractor.m */,
			);
			name = Interactors;
			sourceTree = "<group>";
		};
		0102B8C91B165571006A6649 /* Repositories */ = {
			isa = PBXGroup;
			children = (
				019D973A1B1B75C0003827E8 /* Implementations */,
				019D97391B1B75B9003827E8 /* NotesRepository.h */,
			);
			name = Repositories;
			sourceTree = "<group>";
		};
		0102B8CA1B165580006A6649 /* ViewControllers */ = {
			isa = PBXGroup;
			children = (
				0102B8E41B16616F006A6649 /* ShowAllNotesViewController.h */,
				0102B8E51B16616F006A6649 /* ShowAllNotesViewController.m */,
				0102B8E61B16616F006A6649 /* ShowAllNotesViewController.xib */,
				011688811B1B98E10019EB0B /* EditNoteViewController.h */,
				011688821B1B98E10019EB0B /* EditNoteViewController.m */,
				011688831B1B98E10019EB0B /* EditNoteViewController.xib */,
			);
			name = ViewControllers;
			sourceTree = "<group>";
		};
		0102B8CB1B165593006A6649 /* CoreData */ = {
			isa = PBXGroup;
			children = (
				019D973B1B1B7717003827E8 /* ManagedObjects */,
				0102B8A51B164E2B006A6649 /* PlayingWithTyphoon.xcdatamodeld */,
				019D97291B1B7098003827E8 /* CoreDataStack.h */,
				019D972A1B1B7098003827E8 /* CoreDataStack.m */,
				019D972C1B1B710E003827E8 /* CoreDataManager.h */,
				019D972D1B1B710E003827E8 /* CoreDataManager.m */,
			);
			name = CoreData;
			sourceTree = "<group>";
		};
		0102B8CC1B1655A0006A6649 /* Entities */ = {
			isa = PBXGroup;
			children = (
				019D97451B1B799B003827E8 /* Note.h */,
				019D97461B1B799B003827E8 /* Note.m */,
			);
			name = Entities;
			sourceTree = "<group>";
		};
		0102B8CD1B1655B9006A6649 /* Presenters */ = {
			isa = PBXGroup;
			children = (
				019D97561B1B7F18003827E8 /* ShowAllNotesPresenter.h */,
				019D97571B1B7F18003827E8 /* ShowAllNotesPresenter.m */,
				018665EF1B1CEC610089ECFF /* EditNotePresenter.h */,
				018665F01B1CEC610089ECFF /* EditNotePresenter.m */,
			);
			name = Presenters;
			sourceTree = "<group>";
		};
		0102B8CE1B1655CB006A6649 /* Assemblies */ = {
			isa = PBXGroup;
			children = (
				0102B8D01B1655EC006A6649 /* AppAssembly.h */,
				0102B8D11B1655EC006A6649 /* AppAssembly.m */,
				0102B8E11B1660A2006A6649 /* RoutersAssembly.h */,
				0102B8E21B1660A2006A6649 /* RoutersAssembly.m */,
				019D973F1B1B7839003827E8 /* InteractorsAssembly.h */,
				019D97401B1B7839003827E8 /* InteractorsAssembly.m */,
				019D97591B1B8224003827E8 /* PresentersAssembly.h */,
				019D975A1B1B8224003827E8 /* PresentersAssembly.m */,
				019D97421B1B78A3003827E8 /* RepositoriesAssembly.h */,
				019D97431B1B78A3003827E8 /* RepositoriesAssembly.m */,
				01326BA51B18E6080059313B /* ViewControllersAssembly.h */,
				01326BA61B18E6080059313B /* ViewControllersAssembly.m */,
				017704DB1B1B5CBB00717628 /* Configuration.plist */,
			);
			name = Assemblies;
			sourceTree = "<group>";
		};
		0102B8D31B165611006A6649 /* SupportingFiles */ = {
			isa = PBXGroup;
			children = (
				0102B8D41B165658006A6649 /* PrefixHeader.pch */,
			);
			name = SupportingFiles;
			sourceTree = "<group>";
		};
		015D381B1B21091300B1B156 /* Layouts */ = {
			isa = PBXGroup;
			children = (
				015D381C1B21093600B1B156 /* CustomFlowLayout.h */,
				015D381D1B21093600B1B156 /* CustomFlowLayout.m */,
			);
			name = Layouts;
			sourceTree = "<group>";
		};
		018665F51B1CEF0D0089ECFF /* Implementations */ = {
			isa = PBXGroup;
			children = (
				018665F61B1CEF2B0089ECFF /* NoteMO+Implementation.h */,
				018665F71B1CEF2B0089ECFF /* NoteMO+Implementation.m */,
			);
			name = Implementations;
			sourceTree = "<group>";
		};
		019D971F1B1B6BA4003827E8 /* DataSources */ = {
			isa = PBXGroup;
			children = (
				019D97201B1B6BBD003827E8 /* CoreDataDataSource.h */,
				019D97211B1B6BBD003827E8 /* CoreDataDataSource.m */,
			);
			name = DataSources;
			sourceTree = "<group>";
		};
		019D973A1B1B75C0003827E8 /* Implementations */ = {
			isa = PBXGroup;
			children = (
				019D97361B1B75A3003827E8 /* CoreDataNotesRepository.h */,
				019D97371B1B75A3003827E8 /* CoreDataNotesRepository.m */,
			);
			name = Implementations;
			sourceTree = "<group>";
		};
		019D973B1B1B7717003827E8 /* ManagedObjects */ = {
			isa = PBXGroup;
			children = (
				018665F51B1CEF0D0089ECFF /* Implementations */,
				019D973C1B1B7723003827E8 /* NoteMO.h */,
				019D973D1B1B7723003827E8 /* NoteMO.m */,
			);
			name = ManagedObjects;
			sourceTree = "<group>";
		};
		019D97481B1B7A6F003827E8 /* Parsers */ = {
			isa = PBXGroup;
			children = (
				019D97491B1B7A89003827E8 /* NoteParser.h */,
				019D974A1B1B7A89003827E8 /* NoteParser.m */,
			);
			name = Parsers;
			sourceTree = "<group>";
		};
		019D974C1B1B7D97003827E8 /* Views */ = {
			isa = PBXGroup;
			children = (
				019D974D1B1B7DC8003827E8 /* NoteCollectionViewCell.h */,
				019D974E1B1B7DC8003827E8 /* NoteCollectionViewCell.m */,
				019D974F1B1B7DC8003827E8 /* NoteCollectionViewCell.xib */,
			);
			name = Views;
			sourceTree = "<group>";
		};
		019D97521B1B7E9F003827E8 /* Controllers */ = {
			isa = PBXGroup;
			children = (
				019D97531B1B7EBA003827E8 /* NoteCollectionViewCellController.h */,
				019D97541B1B7EBA003827E8 /* NoteCollectionViewCellController.m */,
			);
			name = Controllers;
			sourceTree = "<group>";
		};
		D02A3DD14C9FFAEA3A11F40E /* Pods */ = {
			isa = PBXGroup;
			children = (
				23A90AC7DBF16973B4361996 /* Pods.debug.xcconfig */,
				5498CA1545711A0CE64AE15E /* Pods.release.xcconfig */,
			);
			name = Pods;
			sourceTree = "<group>";
		};
		E387FD785ECF2780A5240EDC /* Frameworks */ = {
			isa = PBXGroup;
			children = (
				AC37430DFEDB1318D879215F /* libPods.a */,
			);
			name = Frameworks;
			sourceTree = "<group>";
		};
/* End PBXGroup section */

/* Begin PBXNativeTarget section */
		0102B89A1B164E2B006A6649 /* PlayingWithTyphoon */ = {
			isa = PBXNativeTarget;
			buildConfigurationList = 0102B8C11B164E2B006A6649 /* Build configuration list for PBXNativeTarget "PlayingWithTyphoon" */;
			buildPhases = (
				26A6CA93C0B2810BD2368169 /* Check Pods Manifest.lock */,
				0102B8971B164E2B006A6649 /* Sources */,
				0102B8981B164E2B006A6649 /* Frameworks */,
				0102B8991B164E2B006A6649 /* Resources */,
				5EFF4C829CDD0F51DD7B0C8B /* Copy Pods Resources */,
			);
			buildRules = (
			);
			dependencies = (
			);
			name = PlayingWithTyphoon;
			productName = PlayingWithTyphoon;
			productReference = 0102B89B1B164E2B006A6649 /* PlayingWithTyphoon.app */;
			productType = "com.apple.product-type.application";
		};
		0102B8B61B164E2B006A6649 /* PlayingWithTyphoonTests */ = {
			isa = PBXNativeTarget;
			buildConfigurationList = 0102B8C41B164E2B006A6649 /* Build configuration list for PBXNativeTarget "PlayingWithTyphoonTests" */;
			buildPhases = (
				0102B8B31B164E2B006A6649 /* Sources */,
				0102B8B41B164E2B006A6649 /* Frameworks */,
				0102B8B51B164E2B006A6649 /* Resources */,
			);
			buildRules = (
			);
			dependencies = (
				0102B8B91B164E2B006A6649 /* PBXTargetDependency */,
			);
			name = PlayingWithTyphoonTests;
			productName = PlayingWithTyphoonTests;
			productReference = 0102B8B71B164E2B006A6649 /* PlayingWithTyphoonTests.xctest */;
			productType = "com.apple.product-type.bundle.unit-test";
		};
/* End PBXNativeTarget section */

/* Begin PBXProject section */
		0102B8931B164E2B006A6649 /* Project object */ = {
			isa = PBXProject;
			attributes = {
				LastUpgradeCheck = 0630;
				ORGANIZATIONNAME = Julian;
				TargetAttributes = {
					0102B89A1B164E2B006A6649 = {
						CreatedOnToolsVersion = 6.3.2;
					};
					0102B8B61B164E2B006A6649 = {
						CreatedOnToolsVersion = 6.3.2;
						TestTargetID = 0102B89A1B164E2B006A6649;
					};
				};
			};
			buildConfigurationList = 0102B8961B164E2B006A6649 /* Build configuration list for PBXProject "PlayingWithTyphoon" */;
			compatibilityVersion = "Xcode 3.2";
			developmentRegion = English;
			hasScannedForEncodings = 0;
			knownRegions = (
				en,
				Base,
			);
			mainGroup = 0102B8921B164E2B006A6649;
			productRefGroup = 0102B89C1B164E2B006A6649 /* Products */;
			projectDirPath = "";
			projectRoot = "";
			targets = (
				0102B89A1B164E2B006A6649 /* PlayingWithTyphoon */,
				0102B8B61B164E2B006A6649 /* PlayingWithTyphoonTests */,
			);
		};
/* End PBXProject section */

/* Begin PBXResourcesBuildPhase section */
		0102B8991B164E2B006A6649 /* Resources */ = {
			isa = PBXResourcesBuildPhase;
			buildActionMask = 2147483647;
			files = (
				0102B8B21B164E2B006A6649 /* LaunchScreen.xib in Resources */,
				017704DC1B1B5CBB00717628 /* Configuration.plist in Resources */,
				0102B8E81B16616F006A6649 /* ShowAllNotesViewController.xib in Resources */,
				019D97511B1B7DC8003827E8 /* NoteCollectionViewCell.xib in Resources */,
				011688851B1B98E10019EB0B /* EditNoteViewController.xib in Resources */,
				0102B8AF1B164E2B006A6649 /* Images.xcassets in Resources */,
			);
			runOnlyForDeploymentPostprocessing = 0;
		};
		0102B8B51B164E2B006A6649 /* Resources */ = {
			isa = PBXResourcesBuildPhase;
			buildActionMask = 2147483647;
			files = (
			);
			runOnlyForDeploymentPostprocessing = 0;
		};
/* End PBXResourcesBuildPhase section */

/* Begin PBXShellScriptBuildPhase section */
		26A6CA93C0B2810BD2368169 /* Check Pods Manifest.lock */ = {
			isa = PBXShellScriptBuildPhase;
			buildActionMask = 2147483647;
			files = (
			);
			inputPaths = (
			);
			name = "Check Pods Manifest.lock";
			outputPaths = (
			);
			runOnlyForDeploymentPostprocessing = 0;
			shellPath = /bin/sh;
			shellScript = "diff \"${PODS_ROOT}/../Podfile.lock\" \"${PODS_ROOT}/Manifest.lock\" > /dev/null\nif [[ $? != 0 ]] ; then\n    cat << EOM\nerror: The sandbox is not in sync with the Podfile.lock. Run 'pod install' or update your CocoaPods installation.\nEOM\n    exit 1\nfi\n";
			showEnvVarsInLog = 0;
		};
		5EFF4C829CDD0F51DD7B0C8B /* Copy Pods Resources */ = {
			isa = PBXShellScriptBuildPhase;
			buildActionMask = 2147483647;
			files = (
			);
			inputPaths = (
			);
			name = "Copy Pods Resources";
			outputPaths = (
			);
			runOnlyForDeploymentPostprocessing = 0;
			shellPath = /bin/sh;
			shellScript = "\"${SRCROOT}/Pods/Target Support Files/Pods/Pods-resources.sh\"\n";
			showEnvVarsInLog = 0;
		};
/* End PBXShellScriptBuildPhase section */

/* Begin PBXSourcesBuildPhase section */
		0102B8971B164E2B006A6649 /* Sources */ = {
			isa = PBXSourcesBuildPhase;
			buildActionMask = 2147483647;
			files = (
				019D973E1B1B7723003827E8 /* NoteMO.m in Sources */,
				019D97321B1B71F0003827E8 /* FetchAllNotesInteractor.m in Sources */,
				011688841B1B98E10019EB0B /* EditNoteViewController.m in Sources */,
				0102B8A71B164E2B006A6649 /* PlayingWithTyphoon.xcdatamodeld in Sources */,
				019D975B1B1B8224003827E8 /* PresentersAssembly.m in Sources */,
				019D97381B1B75A3003827E8 /* CoreDataNotesRepository.m in Sources */,
				019D97221B1B6BBD003827E8 /* CoreDataDataSource.m in Sources */,
				019D97581B1B7F18003827E8 /* ShowAllNotesPresenter.m in Sources */,
				01326BA71B18E6080059313B /* ViewControllersAssembly.m in Sources */,
				018665F41B1CED730089ECFF /* CreateOrUpdateNoteInteractor.m in Sources */,
				011688801B1B98CD0019EB0B /* EditNoteRouter.m in Sources */,
				019D97441B1B78A3003827E8 /* RepositoriesAssembly.m in Sources */,
				0102B8E71B16616F006A6649 /* ShowAllNotesViewController.m in Sources */,
				019D97551B1B7EBA003827E8 /* NoteCollectionViewCellController.m in Sources */,
				015D381A1B21058800B1B156 /* DeleteNoteInteractor.m in Sources */,
				0102B8DD1B165BEF006A6649 /* MainRouter.m in Sources */,
				019D97471B1B799B003827E8 /* Note.m in Sources */,
				0102B8EB1B1661C0006A6649 /* ShowAllNotesRouter.m in Sources */,
				0102B8D21B1655EC006A6649 /* AppAssembly.m in Sources */,
				019D97501B1B7DC8003827E8 /* NoteCollectionViewCell.m in Sources */,
				018665F11B1CEC610089ECFF /* EditNotePresenter.m in Sources */,
				019D972B1B1B7098003827E8 /* CoreDataStack.m in Sources */,
				0102B8A41B164E2B006A6649 /* AppDelegate.m in Sources */,
				0102B8A11B164E2B006A6649 /* main.m in Sources */,
				015D381E1B21093600B1B156 /* CustomFlowLayout.m in Sources */,
				019D972E1B1B710E003827E8 /* CoreDataManager.m in Sources */,
				019D97411B1B7839003827E8 /* InteractorsAssembly.m in Sources */,
				018665F81B1CEF2B0089ECFF /* NoteMO+Implementation.m in Sources */,
				0102B8E31B1660A2006A6649 /* RoutersAssembly.m in Sources */,
				019D974B1B1B7A89003827E8 /* NoteParser.m in Sources */,
			);
			runOnlyForDeploymentPostprocessing = 0;
		};
		0102B8B31B164E2B006A6649 /* Sources */ = {
			isa = PBXSourcesBuildPhase;
			buildActionMask = 2147483647;
			files = (
				0102B8BE1B164E2B006A6649 /* PlayingWithTyphoonTests.m in Sources */,
			);
			runOnlyForDeploymentPostprocessing = 0;
		};
/* End PBXSourcesBuildPhase section */

/* Begin PBXTargetDependency section */
		0102B8B91B164E2B006A6649 /* PBXTargetDependency */ = {
			isa = PBXTargetDependency;
			target = 0102B89A1B164E2B006A6649 /* PlayingWithTyphoon */;
			targetProxy = 0102B8B81B164E2B006A6649 /* PBXContainerItemProxy */;
		};
/* End PBXTargetDependency section */

/* Begin PBXVariantGroup section */
		0102B8B01B164E2B006A6649 /* LaunchScreen.xib */ = {
			isa = PBXVariantGroup;
			children = (
				0102B8B11B164E2B006A6649 /* Base */,
			);
			name = LaunchScreen.xib;
			sourceTree = "<group>";
		};
/* End PBXVariantGroup section */

/* Begin XCBuildConfiguration section */
		0102B8BF1B164E2B006A6649 /* Debug */ = {
			isa = XCBuildConfiguration;
			buildSettings = {
				ALWAYS_SEARCH_USER_PATHS = NO;
				CLANG_CXX_LANGUAGE_STANDARD = "gnu++0x";
				CLANG_CXX_LIBRARY = "libc++";
				CLANG_ENABLE_MODULES = YES;
				CLANG_ENABLE_OBJC_ARC = YES;
				CLANG_WARN_BOOL_CONVERSION = YES;
				CLANG_WARN_CONSTANT_CONVERSION = YES;
				CLANG_WARN_DIRECT_OBJC_ISA_USAGE = YES_ERROR;
				CLANG_WARN_EMPTY_BODY = YES;
				CLANG_WARN_ENUM_CONVERSION = YES;
				CLANG_WARN_INT_CONVERSION = YES;
				CLANG_WARN_OBJC_ROOT_CLASS = YES_ERROR;
				CLANG_WARN_UNREACHABLE_CODE = YES;
				CLANG_WARN__DUPLICATE_METHOD_MATCH = YES;
				"CODE_SIGN_IDENTITY[sdk=iphoneos*]" = "iPhone Developer";
				COPY_PHASE_STRIP = NO;
				DEBUG_INFORMATION_FORMAT = "dwarf-with-dsym";
				ENABLE_STRICT_OBJC_MSGSEND = YES;
				GCC_C_LANGUAGE_STANDARD = gnu99;
				GCC_DYNAMIC_NO_PIC = NO;
				GCC_NO_COMMON_BLOCKS = YES;
				GCC_OPTIMIZATION_LEVEL = 0;
				GCC_PREPROCESSOR_DEFINITIONS = (
					"DEBUG=1",
					"$(inherited)",
				);
				GCC_SYMBOLS_PRIVATE_EXTERN = NO;
				GCC_WARN_64_TO_32_BIT_CONVERSION = YES;
				GCC_WARN_ABOUT_RETURN_TYPE = YES_ERROR;
				GCC_WARN_UNDECLARED_SELECTOR = YES;
				GCC_WARN_UNINITIALIZED_AUTOS = YES_AGGRESSIVE;
				GCC_WARN_UNUSED_FUNCTION = YES;
				GCC_WARN_UNUSED_VARIABLE = YES;
				IPHONEOS_DEPLOYMENT_TARGET = 8.3;
				MTL_ENABLE_DEBUG_INFO = YES;
				ONLY_ACTIVE_ARCH = YES;
				SDKROOT = iphoneos;
			};
			name = Debug;
		};
		0102B8C01B164E2B006A6649 /* Release */ = {
			isa = XCBuildConfiguration;
			buildSettings = {
				ALWAYS_SEARCH_USER_PATHS = NO;
				CLANG_CXX_LANGUAGE_STANDARD = "gnu++0x";
				CLANG_CXX_LIBRARY = "libc++";
				CLANG_ENABLE_MODULES = YES;
				CLANG_ENABLE_OBJC_ARC = YES;
				CLANG_WARN_BOOL_CONVERSION = YES;
				CLANG_WARN_CONSTANT_CONVERSION = YES;
				CLANG_WARN_DIRECT_OBJC_ISA_USAGE = YES_ERROR;
				CLANG_WARN_EMPTY_BODY = YES;
				CLANG_WARN_ENUM_CONVERSION = YES;
				CLANG_WARN_INT_CONVERSION = YES;
				CLANG_WARN_OBJC_ROOT_CLASS = YES_ERROR;
				CLANG_WARN_UNREACHABLE_CODE = YES;
				CLANG_WARN__DUPLICATE_METHOD_MATCH = YES;
				"CODE_SIGN_IDENTITY[sdk=iphoneos*]" = "iPhone Developer";
				COPY_PHASE_STRIP = NO;
				DEBUG_INFORMATION_FORMAT = "dwarf-with-dsym";
				ENABLE_NS_ASSERTIONS = NO;
				ENABLE_STRICT_OBJC_MSGSEND = YES;
				GCC_C_LANGUAGE_STANDARD = gnu99;
				GCC_NO_COMMON_BLOCKS = YES;
				GCC_WARN_64_TO_32_BIT_CONVERSION = YES;
				GCC_WARN_ABOUT_RETURN_TYPE = YES_ERROR;
				GCC_WARN_UNDECLARED_SELECTOR = YES;
				GCC_WARN_UNINITIALIZED_AUTOS = YES_AGGRESSIVE;
				GCC_WARN_UNUSED_FUNCTION = YES;
				GCC_WARN_UNUSED_VARIABLE = YES;
				IPHONEOS_DEPLOYMENT_TARGET = 8.3;
				MTL_ENABLE_DEBUG_INFO = NO;
				SDKROOT = iphoneos;
				VALIDATE_PRODUCT = YES;
			};
			name = Release;
		};
		0102B8C21B164E2B006A6649 /* Debug */ = {
			isa = XCBuildConfiguration;
			baseConfigurationReference = 23A90AC7DBF16973B4361996 /* Pods.debug.xcconfig */;
			buildSettings = {
				ASSETCATALOG_COMPILER_APPICON_NAME = AppIcon;
				GCC_PREFIX_HEADER = PlayingWithTyphoon/SupportingFiles/PrefixHeader.pch;
				INFOPLIST_FILE = PlayingWithTyphoon/Info.plist;
				LD_RUNPATH_SEARCH_PATHS = "$(inherited) @executable_path/Frameworks";
				PRODUCT_NAME = "$(TARGET_NAME)";
			};
			name = Debug;
		};
		0102B8C31B164E2B006A6649 /* Release */ = {
			isa = XCBuildConfiguration;
			baseConfigurationReference = 5498CA1545711A0CE64AE15E /* Pods.release.xcconfig */;
			buildSettings = {
				ASSETCATALOG_COMPILER_APPICON_NAME = AppIcon;
				GCC_PREFIX_HEADER = PlayingWithTyphoon/SupportingFiles/PrefixHeader.pch;
				INFOPLIST_FILE = PlayingWithTyphoon/Info.plist;
				LD_RUNPATH_SEARCH_PATHS = "$(inherited) @executable_path/Frameworks";
				PRODUCT_NAME = "$(TARGET_NAME)";
			};
			name = Release;
		};
		0102B8C51B164E2B006A6649 /* Debug */ = {
			isa = XCBuildConfiguration;
			buildSettings = {
				BUNDLE_LOADER = "$(TEST_HOST)";
				FRAMEWORK_SEARCH_PATHS = (
					"$(SDKROOT)/Developer/Library/Frameworks",
					"$(inherited)",
				);
				GCC_PREPROCESSOR_DEFINITIONS = (
					"DEBUG=1",
					"$(inherited)",
				);
				INFOPLIST_FILE = PlayingWithTyphoonTests/Info.plist;
				LD_RUNPATH_SEARCH_PATHS = "$(inherited) @executable_path/Frameworks @loader_path/Frameworks";
				PRODUCT_NAME = "$(TARGET_NAME)";
				TEST_HOST = "$(BUILT_PRODUCTS_DIR)/PlayingWithTyphoon.app/PlayingWithTyphoon";
			};
			name = Debug;
		};
		0102B8C61B164E2B006A6649 /* Release */ = {
			isa = XCBuildConfiguration;
			buildSettings = {
				BUNDLE_LOADER = "$(TEST_HOST)";
				FRAMEWORK_SEARCH_PATHS = (
					"$(SDKROOT)/Developer/Library/Frameworks",
					"$(inherited)",
				);
				INFOPLIST_FILE = PlayingWithTyphoonTests/Info.plist;
				LD_RUNPATH_SEARCH_PATHS = "$(inherited) @executable_path/Frameworks @loader_path/Frameworks";
				PRODUCT_NAME = "$(TARGET_NAME)";
				TEST_HOST = "$(BUILT_PRODUCTS_DIR)/PlayingWithTyphoon.app/PlayingWithTyphoon";
			};
			name = Release;
		};
/* End XCBuildConfiguration section */

/* Begin XCConfigurationList section */
		0102B8961B164E2B006A6649 /* Build configuration list for PBXProject "PlayingWithTyphoon" */ = {
			isa = XCConfigurationList;
			buildConfigurations = (
				0102B8BF1B164E2B006A6649 /* Debug */,
				0102B8C01B164E2B006A6649 /* Release */,
			);
			defaultConfigurationIsVisible = 0;
			defaultConfigurationName = Release;
		};
		0102B8C11B164E2B006A6649 /* Build configuration list for PBXNativeTarget "PlayingWithTyphoon" */ = {
			isa = XCConfigurationList;
			buildConfigurations = (
				0102B8C21B164E2B006A6649 /* Debug */,
				0102B8C31B164E2B006A6649 /* Release */,
			);
			defaultConfigurationIsVisible = 0;
			defaultConfigurationName = Release;
		};
		0102B8C41B164E2B006A6649 /* Build configuration list for PBXNativeTarget "PlayingWithTyphoonTests" */ = {
			isa = XCConfigurationList;
			buildConfigurations = (
				0102B8C51B164E2B006A6649 /* Debug */,
				0102B8C61B164E2B006A6649 /* Release */,
			);
			defaultConfigurationIsVisible = 0;
			defaultConfigurationName = Release;
		};
/* End XCConfigurationList section */

/* Begin XCVersionGroup section */
		0102B8A51B164E2B006A6649 /* PlayingWithTyphoon.xcdatamodeld */ = {
			isa = XCVersionGroup;
			children = (
				0102B8A61B164E2B006A6649 /* PlayingWithTyphoon.xcdatamodel */,
			);
			currentVersion = 0102B8A61B164E2B006A6649 /* PlayingWithTyphoon.xcdatamodel */;
			path = PlayingWithTyphoon.xcdatamodeld;
			sourceTree = "<group>";
			versionGroupType = wrapper.xcdatamodel;
		};
/* End XCVersionGroup section */
	};
	rootObject = 0102B8931B164E2B006A6649 /* Project object */;
}
